// !$*UTF8*$!
{
	archiveVersion = 1;
	classes = {
	};
	objectVersion = 50;
	objects = {

/* Begin PBXBuildFile section */
		72CB49B325B95C5200FB1763 /* AppDelegate.swift in Sources */ = {isa = PBXBuildFile; fileRef = 72CB49B225B95C5200FB1763 /* AppDelegate.swift */; };
		72CB49B525B95C5200FB1763 /* SceneDelegate.swift in Sources */ = {isa = PBXBuildFile; fileRef = 72CB49B425B95C5200FB1763 /* SceneDelegate.swift */; };
		72CB49B725B95C5200FB1763 /* VisualizerViewController.swift in Sources */ = {isa = PBXBuildFile; fileRef = 72CB49B625B95C5200FB1763 /* VisualizerViewController.swift */; };
		72CB49BA25B95C5200FB1763 /* Main.storyboard in Resources */ = {isa = PBXBuildFile; fileRef = 72CB49B825B95C5200FB1763 /* Main.storyboard */; };
		72CB49BC25B95C5300FB1763 /* Assets.xcassets in Resources */ = {isa = PBXBuildFile; fileRef = 72CB49BB25B95C5300FB1763 /* Assets.xcassets */; };
		72CB49BF25B95C5300FB1763 /* LaunchScreen.storyboard in Resources */ = {isa = PBXBuildFile; fileRef = 72CB49BD25B95C5300FB1763 /* LaunchScreen.storyboard */; };
		72CB49C825B9656700FB1763 /* Graph.swift in Sources */ = {isa = PBXBuildFile; fileRef = 72CB49C725B9656700FB1763 /* Graph.swift */; };
		72CB49CD25B9679900FB1763 /* MinCutImplementation.swift in Sources */ = {isa = PBXBuildFile; fileRef = 72CB49CC25B9679900FB1763 /* MinCutImplementation.swift */; };
		72CB49D825B967D800FB1763 /* MinCutVisualizerTests.swift in Sources */ = {isa = PBXBuildFile; fileRef = 72CB49D725B967D800FB1763 /* MinCutVisualizerTests.swift */; };
		72CB49E225B9691000FB1763 /* VertexView.swift in Sources */ = {isa = PBXBuildFile; fileRef = 72CB49E125B9691000FB1763 /* VertexView.swift */; };
/* End PBXBuildFile section */

/* Begin PBXContainerItemProxy section */
		72CB49DA25B967D800FB1763 /* PBXContainerItemProxy */ = {
			isa = PBXContainerItemProxy;
			containerPortal = 72CB49A725B95C5100FB1763 /* Project object */;
			proxyType = 1;
			remoteGlobalIDString = 72CB49AE25B95C5200FB1763;
			remoteInfo = MinCutVisualizer;
		};
/* End PBXContainerItemProxy section */

/* Begin PBXFileReference section */
		72CB49AF25B95C5200FB1763 /* MinCutVisualizer.app */ = {isa = PBXFileReference; explicitFileType = wrapper.application; includeInIndex = 0; path = MinCutVisualizer.app; sourceTree = BUILT_PRODUCTS_DIR; };
		72CB49B225B95C5200FB1763 /* AppDelegate.swift */ = {isa = PBXFileReference; lastKnownFileType = sourcecode.swift; path = AppDelegate.swift; sourceTree = "<group>"; };
		72CB49B425B95C5200FB1763 /* SceneDelegate.swift */ = {isa = PBXFileReference; lastKnownFileType = sourcecode.swift; path = SceneDelegate.swift; sourceTree = "<group>"; };
		72CB49B625B95C5200FB1763 /* VisualizerViewController.swift */ = {isa = PBXFileReference; lastKnownFileType = sourcecode.swift; path = VisualizerViewController.swift; sourceTree = "<group>"; };
		72CB49B925B95C5200FB1763 /* Base */ = {isa = PBXFileReference; lastKnownFileType = file.storyboard; name = Base; path = Base.lproj/Main.storyboard; sourceTree = "<group>"; };
		72CB49BB25B95C5300FB1763 /* Assets.xcassets */ = {isa = PBXFileReference; lastKnownFileType = folder.assetcatalog; path = Assets.xcassets; sourceTree = "<group>"; };
		72CB49BE25B95C5300FB1763 /* Base */ = {isa = PBXFileReference; lastKnownFileType = file.storyboard; name = Base; path = Base.lproj/LaunchScreen.storyboard; sourceTree = "<group>"; };
		72CB49C025B95C5300FB1763 /* Info.plist */ = {isa = PBXFileReference; lastKnownFileType = text.plist.xml; path = Info.plist; sourceTree = "<group>"; };
		72CB49C725B9656700FB1763 /* Graph.swift */ = {isa = PBXFileReference; lastKnownFileType = sourcecode.swift; path = Graph.swift; sourceTree = "<group>"; };
		72CB49CC25B9679900FB1763 /* MinCutImplementation.swift */ = {isa = PBXFileReference; lastKnownFileType = sourcecode.swift; path = MinCutImplementation.swift; sourceTree = "<group>"; };
		72CB49D525B967D800FB1763 /* MinCutVisualizerTests.xctest */ = {isa = PBXFileReference; explicitFileType = wrapper.cfbundle; includeInIndex = 0; path = MinCutVisualizerTests.xctest; sourceTree = BUILT_PRODUCTS_DIR; };
		72CB49D725B967D800FB1763 /* MinCutVisualizerTests.swift */ = {isa = PBXFileReference; lastKnownFileType = sourcecode.swift; path = MinCutVisualizerTests.swift; sourceTree = "<group>"; };
		72CB49D925B967D800FB1763 /* Info.plist */ = {isa = PBXFileReference; lastKnownFileType = text.plist.xml; path = Info.plist; sourceTree = "<group>"; };
		72CB49E125B9691000FB1763 /* VertexView.swift */ = {isa = PBXFileReference; lastKnownFileType = sourcecode.swift; name = VertexView.swift; path = MinCutVisualizer/VertexView.swift; sourceTree = SOURCE_ROOT; };
/* End PBXFileReference section */

/* Begin PBXFrameworksBuildPhase section */
		72CB49AC25B95C5200FB1763 /* Frameworks */ = {
			isa = PBXFrameworksBuildPhase;
			buildActionMask = 2147483647;
			files = (
			);
			runOnlyForDeploymentPostprocessing = 0;
		};
		72CB49D225B967D800FB1763 /* Frameworks */ = {
			isa = PBXFrameworksBuildPhase;
			buildActionMask = 2147483647;
			files = (
			);
			runOnlyForDeploymentPostprocessing = 0;
		};
/* End PBXFrameworksBuildPhase section */

/* Begin PBXGroup section */
		72CB49A625B95C5100FB1763 = {
			isa = PBXGroup;
			children = (
				72CB49B125B95C5200FB1763 /* MinCutVisualizer */,
				72CB49D625B967D800FB1763 /* MinCutVisualizerTests */,
				72CB49B025B95C5200FB1763 /* Products */,
			);
			sourceTree = "<group>";
		};
		72CB49B025B95C5200FB1763 /* Products */ = {
			isa = PBXGroup;
			children = (
				72CB49AF25B95C5200FB1763 /* MinCutVisualizer.app */,
				72CB49D525B967D800FB1763 /* MinCutVisualizerTests.xctest */,
			);
			name = Products;
			sourceTree = "<group>";
		};
		72CB49B125B95C5200FB1763 /* MinCutVisualizer */ = {
			isa = PBXGroup;
			children = (
				72CB49B225B95C5200FB1763 /* AppDelegate.swift */,
				72CB49B425B95C5200FB1763 /* SceneDelegate.swift */,
				72CB49CF25B967A100FB1763 /* Model */,
				72CB49E125B9691000FB1763 /* VertexView.swift */,
				72CB49B625B95C5200FB1763 /* VisualizerViewController.swift */,
				72CB49B825B95C5200FB1763 /* Main.storyboard */,
				72CB49E525B9692600FB1763 /* Supporting Files */,
			);
			path = MinCutVisualizer;
			sourceTree = "<group>";
		};
		72CB49CF25B967A100FB1763 /* Model */ = {
			isa = PBXGroup;
			children = (
				72CB49C725B9656700FB1763 /* Graph.swift */,
				72CB49CC25B9679900FB1763 /* MinCutImplementation.swift */,
			);
			path = Model;
			sourceTree = "<group>";
		};
		72CB49D625B967D800FB1763 /* MinCutVisualizerTests */ = {
			isa = PBXGroup;
			children = (
				72CB49D725B967D800FB1763 /* MinCutVisualizerTests.swift */,
				72CB49D925B967D800FB1763 /* Info.plist */,
			);
			path = MinCutVisualizerTests;
			sourceTree = "<group>";
		};
		72CB49E525B9692600FB1763 /* Supporting Files */ = {
			isa = PBXGroup;
			children = (
				72CB49BB25B95C5300FB1763 /* Assets.xcassets */,
				72CB49BD25B95C5300FB1763 /* LaunchScreen.storyboard */,
				72CB49C025B95C5300FB1763 /* Info.plist */,
			);
			path = "Supporting Files";
			sourceTree = "<group>";
		};
/* End PBXGroup section */

/* Begin PBXNativeTarget section */
		72CB49AE25B95C5200FB1763 /* MinCutVisualizer */ = {
			isa = PBXNativeTarget;
			buildConfigurationList = 72CB49C325B95C5300FB1763 /* Build configuration list for PBXNativeTarget "MinCutVisualizer" */;
			buildPhases = (
				72CB49AB25B95C5200FB1763 /* Sources */,
				72CB49AC25B95C5200FB1763 /* Frameworks */,
				72CB49AD25B95C5200FB1763 /* Resources */,
			);
			buildRules = (
			);
			dependencies = (
			);
			name = MinCutVisualizer;
			productName = MinCutVisualizer;
			productReference = 72CB49AF25B95C5200FB1763 /* MinCutVisualizer.app */;
			productType = "com.apple.product-type.application";
		};
		72CB49D425B967D800FB1763 /* MinCutVisualizerTests */ = {
			isa = PBXNativeTarget;
			buildConfigurationList = 72CB49DC25B967D800FB1763 /* Build configuration list for PBXNativeTarget "MinCutVisualizerTests" */;
			buildPhases = (
				72CB49D125B967D800FB1763 /* Sources */,
				72CB49D225B967D800FB1763 /* Frameworks */,
				72CB49D325B967D800FB1763 /* Resources */,
			);
			buildRules = (
			);
			dependencies = (
				72CB49DB25B967D800FB1763 /* PBXTargetDependency */,
			);
			name = MinCutVisualizerTests;
			productName = MinCutVisualizerTests;
			productReference = 72CB49D525B967D800FB1763 /* MinCutVisualizerTests.xctest */;
			productType = "com.apple.product-type.bundle.unit-test";
		};
/* End PBXNativeTarget section */

/* Begin PBXProject section */
		72CB49A725B95C5100FB1763 /* Project object */ = {
			isa = PBXProject;
			attributes = {
				LastSwiftUpdateCheck = 1230;
				LastUpgradeCheck = 1230;
				TargetAttributes = {
					72CB49AE25B95C5200FB1763 = {
						CreatedOnToolsVersion = 12.3;
					};
					72CB49D425B967D800FB1763 = {
						CreatedOnToolsVersion = 12.3;
						TestTargetID = 72CB49AE25B95C5200FB1763;
					};
				};
			};
			buildConfigurationList = 72CB49AA25B95C5100FB1763 /* Build configuration list for PBXProject "MinCutVisualizer" */;
			compatibilityVersion = "Xcode 9.3";
			developmentRegion = en;
			hasScannedForEncodings = 0;
			knownRegions = (
				en,
				Base,
			);
			mainGroup = 72CB49A625B95C5100FB1763;
			productRefGroup = 72CB49B025B95C5200FB1763 /* Products */;
			projectDirPath = "";
			projectRoot = "";
			targets = (
				72CB49AE25B95C5200FB1763 /* MinCutVisualizer */,
				72CB49D425B967D800FB1763 /* MinCutVisualizerTests */,
			);
		};
/* End PBXProject section */

/* Begin PBXResourcesBuildPhase section */
		72CB49AD25B95C5200FB1763 /* Resources */ = {
			isa = PBXResourcesBuildPhase;
			buildActionMask = 2147483647;
			files = (
				72CB49BF25B95C5300FB1763 /* LaunchScreen.storyboard in Resources */,
				72CB49BC25B95C5300FB1763 /* Assets.xcassets in Resources */,
				72CB49BA25B95C5200FB1763 /* Main.storyboard in Resources */,
			);
			runOnlyForDeploymentPostprocessing = 0;
		};
		72CB49D325B967D800FB1763 /* Resources */ = {
			isa = PBXResourcesBuildPhase;
			buildActionMask = 2147483647;
			files = (
			);
			runOnlyForDeploymentPostprocessing = 0;
		};
/* End PBXResourcesBuildPhase section */

/* Begin PBXSourcesBuildPhase section */
		72CB49AB25B95C5200FB1763 /* Sources */ = {
			isa = PBXSourcesBuildPhase;
			buildActionMask = 2147483647;
			files = (
				72CB49C825B9656700FB1763 /* Graph.swift in Sources */,
				72CB49B725B95C5200FB1763 /* VisualizerViewController.swift in Sources */,
				72CB49E225B9691000FB1763 /* VertexView.swift in Sources */,
				72CB49B325B95C5200FB1763 /* AppDelegate.swift in Sources */,
				72CB49B525B95C5200FB1763 /* SceneDelegate.swift in Sources */,
				72CB49CD25B9679900FB1763 /* MinCutImplementation.swift in Sources */,
			);
			runOnlyForDeploymentPostprocessing = 0;
		};
		72CB49D125B967D800FB1763 /* Sources */ = {
			isa = PBXSourcesBuildPhase;
			buildActionMask = 2147483647;
			files = (
				72CB49D825B967D800FB1763 /* MinCutVisualizerTests.swift in Sources */,
			);
			runOnlyForDeploymentPostprocessing = 0;
		};
/* End PBXSourcesBuildPhase section */

/* Begin PBXTargetDependency section */
		72CB49DB25B967D800FB1763 /* PBXTargetDependency */ = {
			isa = PBXTargetDependency;
			target = 72CB49AE25B95C5200FB1763 /* MinCutVisualizer */;
			targetProxy = 72CB49DA25B967D800FB1763 /* PBXContainerItemProxy */;
		};
/* End PBXTargetDependency section */

/* Begin PBXVariantGroup section */
		72CB49B825B95C5200FB1763 /* Main.storyboard */ = {
			isa = PBXVariantGroup;
			children = (
				72CB49B925B95C5200FB1763 /* Base */,
			);
			name = Main.storyboard;
			sourceTree = "<group>";
		};
		72CB49BD25B95C5300FB1763 /* LaunchScreen.storyboard */ = {
			isa = PBXVariantGroup;
			children = (
				72CB49BE25B95C5300FB1763 /* Base */,
			);
			name = LaunchScreen.storyboard;
			sourceTree = "<group>";
		};
/* End PBXVariantGroup section */

/* Begin XCBuildConfiguration section */
		72CB49C125B95C5300FB1763 /* Debug */ = {
			isa = XCBuildConfiguration;
			buildSettings = {
				ALWAYS_SEARCH_USER_PATHS = NO;
				CLANG_ANALYZER_NONNULL = YES;
				CLANG_ANALYZER_NUMBER_OBJECT_CONVERSION = YES_AGGRESSIVE;
				CLANG_CXX_LANGUAGE_STANDARD = "gnu++14";
				CLANG_CXX_LIBRARY = "libc++";
				CLANG_ENABLE_MODULES = YES;
				CLANG_ENABLE_OBJC_ARC = YES;
				CLANG_ENABLE_OBJC_WEAK = YES;
				CLANG_WARN_BLOCK_CAPTURE_AUTORELEASING = YES;
				CLANG_WARN_BOOL_CONVERSION = YES;
				CLANG_WARN_COMMA = YES;
				CLANG_WARN_CONSTANT_CONVERSION = YES;
				CLANG_WARN_DEPRECATED_OBJC_IMPLEMENTATIONS = YES;
				CLANG_WARN_DIRECT_OBJC_ISA_USAGE = YES_ERROR;
				CLANG_WARN_DOCUMENTATION_COMMENTS = YES;
				CLANG_WARN_EMPTY_BODY = YES;
				CLANG_WARN_ENUM_CONVERSION = YES;
				CLANG_WARN_INFINITE_RECURSION = YES;
				CLANG_WARN_INT_CONVERSION = YES;
				CLANG_WARN_NON_LITERAL_NULL_CONVERSION = YES;
				CLANG_WARN_OBJC_IMPLICIT_RETAIN_SELF = YES;
				CLANG_WARN_OBJC_LITERAL_CONVERSION = YES;
				CLANG_WARN_OBJC_ROOT_CLASS = YES_ERROR;
				CLANG_WARN_QUOTED_INCLUDE_IN_FRAMEWORK_HEADER = YES;
				CLANG_WARN_RANGE_LOOP_ANALYSIS = YES;
				CLANG_WARN_STRICT_PROTOTYPES = YES;
				CLANG_WARN_SUSPICIOUS_MOVE = YES;
				CLANG_WARN_UNGUARDED_AVAILABILITY = YES_AGGRESSIVE;
				CLANG_WARN_UNREACHABLE_CODE = YES;
				CLANG_WARN__DUPLICATE_METHOD_MATCH = YES;
				COPY_PHASE_STRIP = NO;
				DEBUG_INFORMATION_FORMAT = dwarf;
				ENABLE_STRICT_OBJC_MSGSEND = YES;
				ENABLE_TESTABILITY = YES;
				GCC_C_LANGUAGE_STANDARD = gnu11;
				GCC_DYNAMIC_NO_PIC = NO;
				GCC_NO_COMMON_BLOCKS = YES;
				GCC_OPTIMIZATION_LEVEL = 0;
				GCC_PREPROCESSOR_DEFINITIONS = (
					"DEBUG=1",
					"$(inherited)",
				);
				GCC_WARN_64_TO_32_BIT_CONVERSION = YES;
				GCC_WARN_ABOUT_RETURN_TYPE = YES_ERROR;
				GCC_WARN_UNDECLARED_SELECTOR = YES;
				GCC_WARN_UNINITIALIZED_AUTOS = YES_AGGRESSIVE;
				GCC_WARN_UNUSED_FUNCTION = YES;
				GCC_WARN_UNUSED_VARIABLE = YES;
				IPHONEOS_DEPLOYMENT_TARGET = 14.3;
				MTL_ENABLE_DEBUG_INFO = INCLUDE_SOURCE;
				MTL_FAST_MATH = YES;
				ONLY_ACTIVE_ARCH = YES;
				SDKROOT = iphoneos;
				SWIFT_ACTIVE_COMPILATION_CONDITIONS = DEBUG;
				SWIFT_OPTIMIZATION_LEVEL = "-Onone";
			};
			name = Debug;
		};
		72CB49C225B95C5300FB1763 /* Release */ = {
			isa = XCBuildConfiguration;
			buildSettings = {
				ALWAYS_SEARCH_USER_PATHS = NO;
				CLANG_ANALYZER_NONNULL = YES;
				CLANG_ANALYZER_NUMBER_OBJECT_CONVERSION = YES_AGGRESSIVE;
				CLANG_CXX_LANGUAGE_STANDARD = "gnu++14";
				CLANG_CXX_LIBRARY = "libc++";
				CLANG_ENABLE_MODULES = YES;
				CLANG_ENABLE_OBJC_ARC = YES;
				CLANG_ENABLE_OBJC_WEAK = YES;
				CLANG_WARN_BLOCK_CAPTURE_AUTORELEASING = YES;
				CLANG_WARN_BOOL_CONVERSION = YES;
				CLANG_WARN_COMMA = YES;
				CLANG_WARN_CONSTANT_CONVERSION = YES;
				CLANG_WARN_DEPRECATED_OBJC_IMPLEMENTATIONS = YES;
				CLANG_WARN_DIRECT_OBJC_ISA_USAGE = YES_ERROR;
				CLANG_WARN_DOCUMENTATION_COMMENTS = YES;
				CLANG_WARN_EMPTY_BODY = YES;
				CLANG_WARN_ENUM_CONVERSION = YES;
				CLANG_WARN_INFINITE_RECURSION = YES;
				CLANG_WARN_INT_CONVERSION = YES;
				CLANG_WARN_NON_LITERAL_NULL_CONVERSION = YES;
				CLANG_WARN_OBJC_IMPLICIT_RETAIN_SELF = YES;
				CLANG_WARN_OBJC_LITERAL_CONVERSION = YES;
				CLANG_WARN_OBJC_ROOT_CLASS = YES_ERROR;
				CLANG_WARN_QUOTED_INCLUDE_IN_FRAMEWORK_HEADER = YES;
				CLANG_WARN_RANGE_LOOP_ANALYSIS = YES;
				CLANG_WARN_STRICT_PROTOTYPES = YES;
				CLANG_WARN_SUSPICIOUS_MOVE = YES;
				CLANG_WARN_UNGUARDED_AVAILABILITY = YES_AGGRESSIVE;
				CLANG_WARN_UNREACHABLE_CODE = YES;
				CLANG_WARN__DUPLICATE_METHOD_MATCH = YES;
				COPY_PHASE_STRIP = NO;
				DEBUG_INFORMATION_FORMAT = "dwarf-with-dsym";
				ENABLE_NS_ASSERTIONS = NO;
				ENABLE_STRICT_OBJC_MSGSEND = YES;
				GCC_C_LANGUAGE_STANDARD = gnu11;
				GCC_NO_COMMON_BLOCKS = YES;
				GCC_WARN_64_TO_32_BIT_CONVERSION = YES;
				GCC_WARN_ABOUT_RETURN_TYPE = YES_ERROR;
				GCC_WARN_UNDECLARED_SELECTOR = YES;
				GCC_WARN_UNINITIALIZED_AUTOS = YES_AGGRESSIVE;
				GCC_WARN_UNUSED_FUNCTION = YES;
				GCC_WARN_UNUSED_VARIABLE = YES;
				IPHONEOS_DEPLOYMENT_TARGET = 14.3;
				MTL_ENABLE_DEBUG_INFO = NO;
				MTL_FAST_MATH = YES;
				SDKROOT = iphoneos;
				SWIFT_COMPILATION_MODE = wholemodule;
				SWIFT_OPTIMIZATION_LEVEL = "-O";
				VALIDATE_PRODUCT = YES;
			};
			name = Release;
		};
		72CB49C425B95C5300FB1763 /* Debug */ = {
			isa = XCBuildConfiguration;
			buildSettings = {
				ASSETCATALOG_COMPILER_APPICON_NAME = AppIcon;
				ASSETCATALOG_COMPILER_GLOBAL_ACCENT_COLOR_NAME = AccentColor;
				CODE_SIGN_STYLE = Automatic;
				DEVELOPMENT_TEAM = 48535654Y7;
				INFOPLIST_FILE = "MinCutVisualizer/Supporting Files/Info.plist";
				IPHONEOS_DEPLOYMENT_TARGET = 13.0;
				LD_RUNPATH_SEARCH_PATHS = (
					"$(inherited)",
					"@executable_path/Frameworks",
				);
				PRODUCT_BUNDLE_IDENTIFIER = com.ASM.MinCutVisualizer;
				PRODUCT_NAME = "$(TARGET_NAME)";
				SWIFT_VERSION = 5.0;
				TARGETED_DEVICE_FAMILY = "1,2";
			};
			name = Debug;
		};
		72CB49C525B95C5300FB1763 /* Release */ = {
			isa = XCBuildConfiguration;
			buildSettings = {
				ASSETCATALOG_COMPILER_APPICON_NAME = AppIcon;
				ASSETCATALOG_COMPILER_GLOBAL_ACCENT_COLOR_NAME = AccentColor;
				CODE_SIGN_STYLE = Automatic;
				DEVELOPMENT_TEAM = 48535654Y7;
				INFOPLIST_FILE = "MinCutVisualizer/Supporting Files/Info.plist";
				IPHONEOS_DEPLOYMENT_TARGET = 13.0;
				LD_RUNPATH_SEARCH_PATHS = (
					"$(inherited)",
					"@executable_path/Frameworks",
				);
				PRODUCT_BUNDLE_IDENTIFIER = com.ASM.MinCutVisualizer;
				PRODUCT_NAME = "$(TARGET_NAME)";
				SWIFT_VERSION = 5.0;
				TARGETED_DEVICE_FAMILY = "1,2";
			};
			name = Release;
		};
		72CB49DD25B967D800FB1763 /* Debug */ = {
			isa = XCBuildConfiguration;
			buildSettings = {
				BUNDLE_LOADER = "$(TEST_HOST)";
				CODE_SIGN_STYLE = Automatic;
				DEVELOPMENT_TEAM = 48535654Y7;
				INFOPLIST_FILE = MinCutVisualizerTests/Info.plist;
				LD_RUNPATH_SEARCH_PATHS = (
					"$(inherited)",
					"@executable_path/Frameworks",
					"@loader_path/Frameworks",
				);
				PRODUCT_BUNDLE_IDENTIFIER = com.ASM.MinCutVisualizerTests;
				PRODUCT_NAME = "$(TARGET_NAME)";
				SWIFT_VERSION = 5.0;
				TARGETED_DEVICE_FAMILY = "1,2";
				TEST_HOST = "$(BUILT_PRODUCTS_DIR)/MinCutVisualizer.app/MinCutVisualizer";
			};
			name = Debug;
		};
		72CB49DE25B967D800FB1763 /* Release */ = {
			isa = XCBuildConfiguration;
			buildSettings = {
				BUNDLE_LOADER = "$(TEST_HOST)";
				CODE_SIGN_STYLE = Automatic;
				DEVELOPMENT_TEAM = 48535654Y7;
				INFOPLIST_FILE = MinCutVisualizerTests/Info.plist;
				LD_RUNPATH_SEARCH_PATHS = (
					"$(inherited)",
					"@executable_path/Frameworks",
					"@loader_path/Frameworks",
				);
				PRODUCT_BUNDLE_IDENTIFIER = com.ASM.MinCutVisualizerTests;
				PRODUCT_NAME = "$(TARGET_NAME)";
				SWIFT_VERSION = 5.0;
				TARGETED_DEVICE_FAMILY = "1,2";
				TEST_HOST = "$(BUILT_PRODUCTS_DIR)/MinCutVisualizer.app/MinCutVisualizer";
			};
			name = Release;
		};
/* End XCBuildConfiguration section */

/* Begin XCConfigurationList section */
		72CB49AA25B95C5100FB1763 /* Build configuration list for PBXProject "MinCutVisualizer" */ = {
			isa = XCConfigurationList;
			buildConfigurations = (
				72CB49C125B95C5300FB1763 /* Debug */,
				72CB49C225B95C5300FB1763 /* Release */,
			);
			defaultConfigurationIsVisible = 0;
			defaultConfigurationName = Release;
		};
		72CB49C325B95C5300FB1763 /* Build configuration list for PBXNativeTarget "MinCutVisualizer" */ = {
			isa = XCConfigurationList;
			buildConfigurations = (
				72CB49C425B95C5300FB1763 /* Debug */,
				72CB49C525B95C5300FB1763 /* Release */,
			);
			defaultConfigurationIsVisible = 0;
			defaultConfigurationName = Release;
		};
		72CB49DC25B967D800FB1763 /* Build configuration list for PBXNativeTarget "MinCutVisualizerTests" */ = {
			isa = XCConfigurationList;
			buildConfigurations = (
				72CB49DD25B967D800FB1763 /* Debug */,
				72CB49DE25B967D800FB1763 /* Release */,
			);
			defaultConfigurationIsVisible = 0;
			defaultConfigurationName = Release;
		};
/* End XCConfigurationList section */
	};
	rootObject = 72CB49A725B95C5100FB1763 /* Project object */;
}
